
Microsoft Visual Studio Solution File, Format Version 12.00
# Visual Studio Version 16
VisualStudioVersion = 16.0.30413.136
MinimumVisualStudioVersion = 10.0.40219.1
Project("{FAE04EC0-301F-11D3-BF4B-00C04F79EFBC}") = "TZ", "TZ\TZ.csproj", "{D3D53152-6334-4DCF-B443-F32EC32F7FAD}"
EndProject
Global
	GlobalSection(SolutionConfigurationPlatforms) = preSolution
		Debug|Any CPU = Debug|Any CPU
		Release|Any CPU = Release|Any CPU
	EndGlobalSection
	GlobalSection(ProjectConfigurationPlatforms) = postSolution
		{D3D53152-6334-4DCF-B443-F32EC32F7FAD}.Debug|Any CPU.ActiveCfg = Debug|Any CPU
		{D3D53152-6334-4DCF-B443-F32EC32F7FAD}.Debug|Any CPU.Build.0 = Debug|Any CPU
		{D3D53152-6334-4DCF-B443-F32EC32F7FAD}.Release|Any CPU.ActiveCfg = Release|Any CPU
		{D3D53152-6334-4DCF-B443-F32EC32F7FAD}.Release|Any CPU.Build.0 = Release|Any CPU
	EndGlobalSection
	GlobalSection(SolutionProperties) = preSolution
		HideSolutionNode = FALSE
	EndGlobalSection
	GlobalSection(ExtensibilityGlobals) = postSolution
		SolutionGuid = {5C7D6B5D-3835-436A-8D08-45464D5162B6}
	EndGlobalSection
EndGlobal
